# This file was autogenerated by Stack.
# You should not edit this file by hand.
# For more information, please see the documentation at:
#   https://docs.haskellstack.org/en/stable/lock_files

packages:
- completed:
    hackage: JuicyPixels-repa-0.7.1.0@sha256:ffbebd96efbf6af83eb14ee9c89259acf5a9a7d504644f2a35577bd66406ae69,898
    pantry-tree:
      size: 222
      sha256: 951d640678453f8e41fa6aac78eed1fea260d71152abfcd1b7e8c2fe936d2581
  original:
    hackage: JuicyPixels-repa-0.7.1.0@sha256:ffbebd96efbf6af83eb14ee9c89259acf5a9a7d504644f2a35577bd66406ae69
- completed:
    hackage: repa-3.4.1.4@sha256:5a99bde69fe96a18d70aae23f47c8f719b1134558dca3ee5a7c15423b68a132e,3323
    pantry-tree:
      size: 2965
      sha256: 060bec03e51bb6f40acc52c70f8e36804e18f80590b09dc8141352f1b14b03e7
  original:
    hackage: repa-3.4.1.4@sha256:5a99bde69fe96a18d70aae23f47c8f719b1134558dca3ee5a7c15423b68a132e
snapshots:
- completed:
    size: 585603
    url: https://raw.githubusercontent.com/commercialhaskell/stackage-snapshots/master/lts/18/3.yaml
    sha256: 694573e96dca34db5636edb1fe6c96bb233ca0f9fb96c1ead1671cdfa9bd73e9
  original:
    url: https://raw.githubusercontent.com/commercialhaskell/stackage-snapshots/master/lts/18/3.yaml
